
Microsoft Visual Studio Solution File, Format Version 12.00
# Visual Studio Version 17
VisualStudioVersion = 17.7.34024.191
MinimumVisualStudioVersion = 10.0.40219.1
Project("{FAE04EC0-301F-11D3-BF4B-00C04F79EFBC}") = "MachineToolMaintenance", "MachineToolMaintenance\MachineToolMaintenance.csproj", "{C855E334-D558-445E-AD58-1B8C1654E55A}"
EndProject
Project("{FAE04EC0-301F-11D3-BF4B-00C04F79EFBC}") = "MTM_Forms", "MTM_Forms\MTM_Forms.csproj", "{B6D9F2BC-162C-4384-8CA3-AEBF342BC3CB}"
EndProject
Project("{FAE04EC0-301F-11D3-BF4B-00C04F79EFBC}") = "MTM_FormsControlLibrary", "MTM_FormsControlLibrary\MTM_FormsControlLibrary.csproj", "{EB194711-63C9-4BFB-B986-2764F4776AF1}"
	ProjectSection(ProjectDependencies) = postProject
		{C855E334-D558-445E-AD58-1B8C1654E55A} = {C855E334-D558-445E-AD58-1B8C1654E55A}
	EndProjectSection
EndProject
Project("{FAE04EC0-301F-11D3-BF4B-00C04F79EFBC}") = "lab8", "lab8\lab8.csproj", "{4FA0982F-1E14-47DA-8587-31E119689C68}"
EndProject
Project("{FAE04EC0-301F-11D3-BF4B-00C04F79EFBC}") = "lab9", "lab9\lab9.csproj", "{414E8FEB-5614-4217-8380-4EB6AA31A076}"
EndProject
Project("{FAE04EC0-301F-11D3-BF4B-00C04F79EFBC}") = "lab10_server", "lab10_server\lab10_server.csproj", "{F2CCA368-F55B-4906-B88D-81C46EA75C3C}"
EndProject
Project("{FAE04EC0-301F-11D3-BF4B-00C04F79EFBC}") = "lab10_client", "lab10_client\lab10_client.csproj", "{743421D3-3EC2-4D62-86EE-6D88A2C3689C}"
EndProject
Project("{FAE04EC0-301F-11D3-BF4B-00C04F79EFBC}") = "CarClassLibrary", "CarClassLibrary\CarClassLibrary.csproj", "{8302CD9F-0E1E-49BF-A36C-B5DEB0A26B31}"
EndProject
Project("{FAE04EC0-301F-11D3-BF4B-00C04F79EFBC}") = "lab11", "lab11\lab11.csproj", "{C20742EE-0D4F-4A88-8E05-DDA77B8F79E4}"
EndProject
Project("{FAE04EC0-301F-11D3-BF4B-00C04F79EFBC}") = "labs15-16", "labs15-16\labs15-16.csproj", "{DB69843C-F40B-4C2B-A71D-20FB814D6B5C}"
EndProject
Project("{FAE04EC0-301F-11D3-BF4B-00C04F79EFBC}") = "lab14", "lab14\lab14.csproj", "{FCB3EB44-7FBC-4862-9735-7AB5108D252E}"
EndProject
Global
	GlobalSection(SolutionConfigurationPlatforms) = preSolution
		Debug|Any CPU = Debug|Any CPU
		Release|Any CPU = Release|Any CPU
	EndGlobalSection
	GlobalSection(ProjectConfigurationPlatforms) = postSolution
		{C855E334-D558-445E-AD58-1B8C1654E55A}.Debug|Any CPU.ActiveCfg = Debug|Any CPU
		{C855E334-D558-445E-AD58-1B8C1654E55A}.Debug|Any CPU.Build.0 = Debug|Any CPU
		{C855E334-D558-445E-AD58-1B8C1654E55A}.Release|Any CPU.ActiveCfg = Release|Any CPU
		{C855E334-D558-445E-AD58-1B8C1654E55A}.Release|Any CPU.Build.0 = Release|Any CPU
		{B6D9F2BC-162C-4384-8CA3-AEBF342BC3CB}.Debug|Any CPU.ActiveCfg = Debug|Any CPU
		{B6D9F2BC-162C-4384-8CA3-AEBF342BC3CB}.Debug|Any CPU.Build.0 = Debug|Any CPU
		{B6D9F2BC-162C-4384-8CA3-AEBF342BC3CB}.Release|Any CPU.ActiveCfg = Release|Any CPU
		{B6D9F2BC-162C-4384-8CA3-AEBF342BC3CB}.Release|Any CPU.Build.0 = Release|Any CPU
		{EB194711-63C9-4BFB-B986-2764F4776AF1}.Debug|Any CPU.ActiveCfg = Debug|Any CPU
		{EB194711-63C9-4BFB-B986-2764F4776AF1}.Debug|Any CPU.Build.0 = Debug|Any CPU
		{EB194711-63C9-4BFB-B986-2764F4776AF1}.Release|Any CPU.ActiveCfg = Release|Any CPU
		{EB194711-63C9-4BFB-B986-2764F4776AF1}.Release|Any CPU.Build.0 = Release|Any CPU
		{4FA0982F-1E14-47DA-8587-31E119689C68}.Debug|Any CPU.ActiveCfg = Debug|Any CPU
		{4FA0982F-1E14-47DA-8587-31E119689C68}.Debug|Any CPU.Build.0 = Debug|Any CPU
		{4FA0982F-1E14-47DA-8587-31E119689C68}.Release|Any CPU.ActiveCfg = Release|Any CPU
		{4FA0982F-1E14-47DA-8587-31E119689C68}.Release|Any CPU.Build.0 = Release|Any CPU
		{414E8FEB-5614-4217-8380-4EB6AA31A076}.Debug|Any CPU.ActiveCfg = Debug|Any CPU
		{414E8FEB-5614-4217-8380-4EB6AA31A076}.Debug|Any CPU.Build.0 = Debug|Any CPU
		{414E8FEB-5614-4217-8380-4EB6AA31A076}.Release|Any CPU.ActiveCfg = Release|Any CPU
		{414E8FEB-5614-4217-8380-4EB6AA31A076}.Release|Any CPU.Build.0 = Release|Any CPU
		{F2CCA368-F55B-4906-B88D-81C46EA75C3C}.Debug|Any CPU.ActiveCfg = Debug|Any CPU
		{F2CCA368-F55B-4906-B88D-81C46EA75C3C}.Debug|Any CPU.Build.0 = Debug|Any CPU
		{F2CCA368-F55B-4906-B88D-81C46EA75C3C}.Release|Any CPU.ActiveCfg = Release|Any CPU
		{F2CCA368-F55B-4906-B88D-81C46EA75C3C}.Release|Any CPU.Build.0 = Release|Any CPU
		{743421D3-3EC2-4D62-86EE-6D88A2C3689C}.Debug|Any CPU.ActiveCfg = Debug|Any CPU
		{743421D3-3EC2-4D62-86EE-6D88A2C3689C}.Debug|Any CPU.Build.0 = Debug|Any CPU
		{743421D3-3EC2-4D62-86EE-6D88A2C3689C}.Release|Any CPU.ActiveCfg = Release|Any CPU
		{743421D3-3EC2-4D62-86EE-6D88A2C3689C}.Release|Any CPU.Build.0 = Release|Any CPU
		{8302CD9F-0E1E-49BF-A36C-B5DEB0A26B31}.Debug|Any CPU.ActiveCfg = Debug|Any CPU
		{8302CD9F-0E1E-49BF-A36C-B5DEB0A26B31}.Debug|Any CPU.Build.0 = Debug|Any CPU
		{8302CD9F-0E1E-49BF-A36C-B5DEB0A26B31}.Release|Any CPU.ActiveCfg = Release|Any CPU
		{8302CD9F-0E1E-49BF-A36C-B5DEB0A26B31}.Release|Any CPU.Build.0 = Release|Any CPU
		{C20742EE-0D4F-4A88-8E05-DDA77B8F79E4}.Debug|Any CPU.ActiveCfg = Debug|Any CPU
		{C20742EE-0D4F-4A88-8E05-DDA77B8F79E4}.Debug|Any CPU.Build.0 = Debug|Any CPU
		{C20742EE-0D4F-4A88-8E05-DDA77B8F79E4}.Release|Any CPU.ActiveCfg = Release|Any CPU
		{C20742EE-0D4F-4A88-8E05-DDA77B8F79E4}.Release|Any CPU.Build.0 = Release|Any CPU
		{DB69843C-F40B-4C2B-A71D-20FB814D6B5C}.Debug|Any CPU.ActiveCfg = Debug|Any CPU
		{DB69843C-F40B-4C2B-A71D-20FB814D6B5C}.Debug|Any CPU.Build.0 = Debug|Any CPU
		{DB69843C-F40B-4C2B-A71D-20FB814D6B5C}.Release|Any CPU.ActiveCfg = Release|Any CPU
		{DB69843C-F40B-4C2B-A71D-20FB814D6B5C}.Release|Any CPU.Build.0 = Release|Any CPU
		{FCB3EB44-7FBC-4862-9735-7AB5108D252E}.Debug|Any CPU.ActiveCfg = Debug|Any CPU
		{FCB3EB44-7FBC-4862-9735-7AB5108D252E}.Debug|Any CPU.Build.0 = Debug|Any CPU
		{FCB3EB44-7FBC-4862-9735-7AB5108D252E}.Release|Any CPU.ActiveCfg = Release|Any CPU
		{FCB3EB44-7FBC-4862-9735-7AB5108D252E}.Release|Any CPU.Build.0 = Release|Any CPU
	EndGlobalSection
	GlobalSection(SolutionProperties) = preSolution
		HideSolutionNode = FALSE
	EndGlobalSection
	GlobalSection(ExtensibilityGlobals) = postSolution
		SolutionGuid = {892C08FD-C82F-48C6-A2C1-E63216F2FFB8}
	EndGlobalSection
EndGlobal
